
Microsoft Visual Studio Solution File, Format Version 12.00
# Visual Studio Version 16
VisualStudioVersion = 16.0.35130.168
MinimumVisualStudioVersion = 10.0.40219.1
Project("{FAE04EC0-301F-11D3-BF4B-00C04F79EFBC}") = "AssignmentC#02", "AssignmentC#02\AssignmentC#02.csproj", "{DA9E6FB7-D49D-4A6B-90A6-9A1E67EC36B9}"
EndProject
Global
	GlobalSection(SolutionConfigurationPlatforms) = preSolution
		Debug|Any CPU = Debug|Any CPU
		Release|Any CPU = Release|Any CPU
	EndGlobalSection
	GlobalSection(ProjectConfigurationPlatforms) = postSolution
		{DA9E6FB7-D49D-4A6B-90A6-9A1E67EC36B9}.Debug|Any CPU.ActiveCfg = Debug|Any CPU
		{DA9E6FB7-D49D-4A6B-90A6-9A1E67EC36B9}.Debug|Any CPU.Build.0 = Debug|Any CPU
		{DA9E6FB7-D49D-4A6B-90A6-9A1E67EC36B9}.Release|Any CPU.ActiveCfg = Release|Any CPU
		{DA9E6FB7-D49D-4A6B-90A6-9A1E67EC36B9}.Release|Any CPU.Build.0 = Release|Any CPU
	EndGlobalSection
	GlobalSection(SolutionProperties) = preSolution
		HideSolutionNode = FALSE
	EndGlobalSection
	GlobalSection(ExtensibilityGlobals) = postSolution
		SolutionGuid = {F7DC0F11-AB52-416E-87B1-AE56C60797D1}
	EndGlobalSection
EndGlobal
